{
  "name": "yjs-plv8-test",
  "version": "1.0.0",
  "lockfileVersion": 2,
  "requires": true,
  "packages": {
    "": {
      "name": "yjs-plv8-test",
      "version": "1.0.0",
      "license": "ISC",
      "dependencies": {
        "typescript": "^5.0.4",
        "yjs": "^13.5.52"
      },
      "devDependencies": {
        "plv8ify": "github:samwillis/plv8ify#types"
      }
    },
    "node_modules/@nodelib/fs.scandir": {
      "version": "2.1.5",
      "resolved": "https://registry.npmjs.org/@nodelib/fs.scandir/-/fs.scandir-2.1.5.tgz",
      "integrity": "sha512-vq24Bq3ym5HEQm2NKCr3yXDwjc7vTsEThRDnkp2DK9p1uqLR+DHurm/NOTo0KG7HYHU7eppKZj3MyqYuMBf62g==",
      "dev": true,
      "dependencies": {
        "@nodelib/fs.stat": "2.0.5",
        "run-parallel": "^1.1.9"
      },
      "engines": {
        "node": ">= 8"
      }
    },
    "node_modules/@nodelib/fs.stat": {
      "version": "2.0.5",
      "resolved": "https://registry.npmjs.org/@nodelib/fs.stat/-/fs.stat-2.0.5.tgz",
      "integrity": "sha512-RkhPPp2zrqDAQA/2jNhnztcPAlv64XdhIp7a7454A5ovI7Bukxgt7MX7udwAu3zg1DcpPU0rz3VV1SeaqvY4+A==",
      "dev": true,
      "engines": {
        "node": ">= 8"
      }
    },
    "node_modules/@nodelib/fs.walk": {
      "version": "1.2.8",
      "resolved": "https://registry.npmjs.org/@nodelib/fs.walk/-/fs.walk-1.2.8.tgz",
      "integrity": "sha512-oGB+UxlgWcgQkgwo8GcEGwemoTFt3FIO9ababBmaGwXIoBKZ+GTy0pP185beGg7Llih/NSHSV2XAs1lnznocSg==",
      "dev": true,
      "dependencies": {
        "@nodelib/fs.scandir": "2.1.5",
        "fastq": "^1.6.0"
      },
      "engines": {
        "node": ">= 8"
      }
    },
    "node_modules/@ts-morph/common": {
      "version": "0.12.3",
      "resolved": "https://registry.npmjs.org/@ts-morph/common/-/common-0.12.3.tgz",
      "integrity": "sha512-4tUmeLyXJnJWvTFOKtcNJ1yh0a3SsTLi2MUoyj8iUNznFRN1ZquaNe7Oukqrnki2FzZkm0J9adCNLDZxUzvj+w==",
      "dev": true,
      "dependencies": {
        "fast-glob": "^3.2.7",
        "minimatch": "^3.0.4",
        "mkdirp": "^1.0.4",
        "path-browserify": "^1.0.1"
      }
    },
    "node_modules/arg": {
      "version": "5.0.1",
      "resolved": "https://registry.npmjs.org/arg/-/arg-5.0.1.tgz",
      "integrity": "sha512-e0hDa9H2Z9AwFkk2qDlwhoMYE4eToKarchkQHovNdLTCYMHZHeRjI71crOh+dio4K6u1IcwubQqo79Ga4CyAQA==",
      "dev": true
    },
    "node_modules/balanced-match": {
      "version": "1.0.2",
      "resolved": "https://registry.npmjs.org/balanced-match/-/balanced-match-1.0.2.tgz",
      "integrity": "sha512-3oSeUO0TMV67hN1AmbXsK4yaqU7tjiHlbxRDZOpH0KW9+CeX4bRAaX0Anxt0tx2MrpRpWwQaPwIlISEJhYU5Pw==",
      "dev": true
    },
    "node_modules/brace-expansion": {
      "version": "1.1.11",
      "resolved": "https://registry.npmjs.org/brace-expansion/-/brace-expansion-1.1.11.tgz",
      "integrity": "sha512-iCuPHDFgrHX7H2vEI/5xpz07zSHB00TpugqhmYtVmMO6518mCuRMoOYFldEBl0g187ufozdaHgWKcYFb61qGiA==",
      "dev": true,
      "dependencies": {
        "balanced-match": "^1.0.0",
        "concat-map": "0.0.1"
      }
    },
    "node_modules/braces": {
      "version": "3.0.2",
      "resolved": "https://registry.npmjs.org/braces/-/braces-3.0.2.tgz",
      "integrity": "sha512-b8um+L1RzM3WDSzvhm6gIz1yfTbBt6YTlcEKAvsmqCZZFw46z626lVj9j1yEPW33H5H+lBQpZMP1k8l+78Ha0A==",
      "dev": true,
      "dependencies": {
        "fill-range": "^7.0.1"
      },
      "engines": {
        "node": ">=8"
      }
    },
    "node_modules/code-block-writer": {
      "version": "11.0.3",
      "resolved": "https://registry.npmjs.org/code-block-writer/-/code-block-writer-11.0.3.tgz",
      "integrity": "sha512-NiujjUFB4SwScJq2bwbYUtXbZhBSlY6vYzm++3Q6oC+U+injTqfPYFK8wS9COOmb2lueqp0ZRB4nK1VYeHgNyw==",
      "dev": true
    },
    "node_modules/concat-map": {
      "version": "0.0.1",
      "resolved": "https://registry.npmjs.org/concat-map/-/concat-map-0.0.1.tgz",
      "integrity": "sha512-/Srv4dswyQNBfohGpz9o6Yb3Gz3SrUDqBH5rTuhGR7ahtlbYKnVxw2bCFMRljaA7EXHaXZ8wsHdodFvbkhKmqg==",
      "dev": true
    },
    "node_modules/esbuild": {
      "version": "0.14.18",
      "resolved": "https://registry.npmjs.org/esbuild/-/esbuild-0.14.18.tgz",
      "integrity": "sha512-vCUoISSltnX7ax01w70pWOSQT+e55o+2P/a+A9MSTukJAt3T4aDZajcjeG4fnZbkvOEv+dkKgdkvljz6vVQD4A==",
      "dev": true,
      "hasInstallScript": true,
      "bin": {
        "esbuild": "bin/esbuild"
      },
      "engines": {
        "node": ">=12"
      },
      "optionalDependencies": {
        "esbuild-android-arm64": "0.14.18",
        "esbuild-darwin-64": "0.14.18",
        "esbuild-darwin-arm64": "0.14.18",
        "esbuild-freebsd-64": "0.14.18",
        "esbuild-freebsd-arm64": "0.14.18",
        "esbuild-linux-32": "0.14.18",
        "esbuild-linux-64": "0.14.18",
        "esbuild-linux-arm": "0.14.18",
        "esbuild-linux-arm64": "0.14.18",
        "esbuild-linux-mips64le": "0.14.18",
        "esbuild-linux-ppc64le": "0.14.18",
        "esbuild-linux-s390x": "0.14.18",
        "esbuild-netbsd-64": "0.14.18",
        "esbuild-openbsd-64": "0.14.18",
        "esbuild-sunos-64": "0.14.18",
        "esbuild-windows-32": "0.14.18",
        "esbuild-windows-64": "0.14.18",
        "esbuild-windows-arm64": "0.14.18"
      }
    },
    "node_modules/esbuild-android-arm64": {
      "version": "0.14.18",
      "resolved": "https://registry.npmjs.org/esbuild-android-arm64/-/esbuild-android-arm64-0.14.18.tgz",
      "integrity": "sha512-AuE8vIwc6QLquwykyscFk0Ji3RFczoOvjka64FJlcjLLhD6VsS584RYlQrSnPpRkv69PunUvyrBoEF7JFTJijg==",
      "cpu": [
        "arm64"
      ],
      "dev": true,
      "optional": true,
      "os": [
        "android"
      ],
      "engines": {
        "node": ">=12"
      }
    },
    "node_modules/esbuild-darwin-64": {
      "version": "0.14.18",
      "resolved": "https://registry.npmjs.org/esbuild-darwin-64/-/esbuild-darwin-64-0.14.18.tgz",
      "integrity": "sha512-nN1XziZtDy8QYOggaXC3zu0vVh8YJpS8Bol7bHaxx0enTLDSFBCXUUJEKYpmAAJ4OZRPgjXv8NzEHHQWQvLzXg==",
      "cpu": [
        "x64"
      ],
      "dev": true,
      "optional": true,
      "os": [
        "darwin"
      ],
      "engines": {
        "node": ">=12"
      }
    },
    "node_modules/esbuild-darwin-arm64": {
      "version": "0.14.18",
      "resolved": "https://registry.npmjs.org/esbuild-darwin-arm64/-/esbuild-darwin-arm64-0.14.18.tgz",
      "integrity": "sha512-v0i2n6TCsbxco/W1fN8RgQt3RW00Q9zJO2eqiAdmLWg6Hx0HNHloZyfhF11i7nMUUgW8r5n++ZweIXjAFPE/gQ==",
      "cpu": [
        "arm64"
      ],
      "dev": true,
      "optional": true,
      "os": [
        "darwin"
      ],
      "engines": {
        "node": ">=12"
      }
    },
    "node_modules/esbuild-freebsd-64": {
      "version": "0.14.18",
      "resolved": "https://registry.npmjs.org/esbuild-freebsd-64/-/esbuild-freebsd-64-0.14.18.tgz",
      "integrity": "sha512-XLyJZTWbSuQJOqw867tBxvto6GjxULvWZYKs6RFHYQPCqgQ0ODLRtBmp4Fqqpde52yOe45npaaoup9IXNfr32A==",
      "cpu": [
        "x64"
      ],
      "dev": true,
      "optional": true,
      "os": [
        "freebsd"
      ],
      "engines": {
        "node": ">=12"
      }
    },
    "node_modules/esbuild-freebsd-arm64": {
      "version": "0.14.18",
      "resolved": "https://registry.npmjs.org/esbuild-freebsd-arm64/-/esbuild-freebsd-arm64-0.14.18.tgz",
      "integrity": "sha512-0ItfrR8hePnDcUXxUQxY+VfICcBfeMJCdK6mcNUXnXw6LyHjyUYXWpFXF+J18pg1/YUWRWO1HbsJ7FEwELcQIA==",
      "cpu": [
        "arm64"
      ],
      "dev": true,
      "optional": true,
      "os": [
        "freebsd"
      ],
      "engines": {
        "node": ">=12"
      }
    },
    "node_modules/esbuild-linux-32": {
      "version": "0.14.18",
      "resolved": "https://registry.npmjs.org/esbuild-linux-32/-/esbuild-linux-32-0.14.18.tgz",
      "integrity": "sha512-mnG84D9NsEsoQdBpBT0IsFjm5iAwnd81SP4tRMXZLl09lPvIWjHHSq6LDlb4+L5H5K5y68WC//X5Dr2MtNY3DQ==",
      "cpu": [
        "ia32"
      ],
      "dev": true,
      "optional": true,
      "os": [
        "linux"
      ],
      "engines": {
        "node": ">=12"
      }
    },
    "node_modules/esbuild-linux-64": {
      "version": "0.14.18",
      "resolved": "https://registry.npmjs.org/esbuild-linux-64/-/esbuild-linux-64-0.14.18.tgz",
      "integrity": "sha512-HvExRtkeA8l/p+7Lf6aBrnLH+jTCFJTUMJxGKExh2RD8lCXGTeDJFyP+BOEetP80fuuH+Syj79+LVQ9MihdBsg==",
      "cpu": [
        "x64"
      ],
      "dev": true,
      "optional": true,
      "os": [
        "linux"
      ],
      "engines": {
        "node": ">=12"
      }
    },
    "node_modules/esbuild-linux-arm": {
      "version": "0.14.18",
      "resolved": "https://registry.npmjs.org/esbuild-linux-arm/-/esbuild-linux-arm-0.14.18.tgz",
      "integrity": "sha512-+ZL8xfXVNaeaZ2Kxqlw2VYZWRDZ7NSK4zOV9GKNAtkkWURLsPUU84aUOBatRe9BH1O5FDo3LLQSlaA04ed6lhA==",
      "cpu": [
        "arm"
      ],
      "dev": true,
      "optional": true,
      "os": [
        "linux"
      ],
      "engines": {
        "node": ">=12"
      }
    },
    "node_modules/esbuild-linux-arm64": {
      "version": "0.14.18",
      "resolved": "https://registry.npmjs.org/esbuild-linux-arm64/-/esbuild-linux-arm64-0.14.18.tgz",
      "integrity": "sha512-CCWmilODE1ckw+M7RVqoqKWA4UB0alCyK2bv0ikEeEAwkzinlJeoe94t9CnT/ECSQ2sL+C16idsr+aUviGp7sg==",
      "cpu": [
        "arm64"
      ],
      "dev": true,
      "optional": true,
      "os": [
        "linux"
      ],
      "engines": {
        "node": ">=12"
      }
    },
    "node_modules/esbuild-linux-mips64le": {
      "version": "0.14.18",
      "resolved": "https://registry.npmjs.org/esbuild-linux-mips64le/-/esbuild-linux-mips64le-0.14.18.tgz",
      "integrity": "sha512-8LjO4+6Vxz5gbyCHO4OONYMF689nLderCtzb8lG1Bncs4ZXHpo6bjvuWeTMRbGUkvAhp+P6hMTzia7RHOC53wQ==",
      "cpu": [
        "mips64el"
      ],
      "dev": true,
      "optional": true,
      "os": [
        "linux"
      ],
      "engines": {
        "node": ">=12"
      }
    },
    "node_modules/esbuild-linux-ppc64le": {
      "version": "0.14.18",
      "resolved": "https://registry.npmjs.org/esbuild-linux-ppc64le/-/esbuild-linux-ppc64le-0.14.18.tgz",
      "integrity": "sha512-0OJk/6iYEmF1J7LXY6+cqf6Ga5vG4an7n1nubTKce7kYqaTyNGfYcTjDZce6lnDVlZTJtwntIMszq1+ZX7Kenw==",
      "cpu": [
        "ppc64"
      ],
      "dev": true,
      "optional": true,
      "os": [
        "linux"
      ],
      "engines": {
        "node": ">=12"
      }
    },
    "node_modules/esbuild-linux-s390x": {
      "version": "0.14.18",
      "resolved": "https://registry.npmjs.org/esbuild-linux-s390x/-/esbuild-linux-s390x-0.14.18.tgz",
      "integrity": "sha512-UNY7YKZHjY31KcNanJK4QaT2/aoIQyS+jViP3QuDRIoYAogRnc6WydylzIkkEzGMaC4fzaXOmQ8fxwpLAXK4Yg==",
      "cpu": [
        "s390x"
      ],
      "dev": true,
      "optional": true,
      "os": [
        "linux"
      ],
      "engines": {
        "node": ">=12"
      }
    },
    "node_modules/esbuild-netbsd-64": {
      "version": "0.14.18",
      "resolved": "https://registry.npmjs.org/esbuild-netbsd-64/-/esbuild-netbsd-64-0.14.18.tgz",
      "integrity": "sha512-wE/2xT9KNzLCfEBw24YbVmMmXH92cFIzrRPUlwWH9dIizjvEYYcyQ+peTMVkqzUum7pdlVLZ2CDDqAaZo/nW/w==",
      "cpu": [
        "x64"
      ],
      "dev": true,
      "optional": true,
      "os": [
        "netbsd"
      ],
      "engines": {
        "node": ">=12"
      }
    },
    "node_modules/esbuild-openbsd-64": {
      "version": "0.14.18",
      "resolved": "https://registry.npmjs.org/esbuild-openbsd-64/-/esbuild-openbsd-64-0.14.18.tgz",
      "integrity": "sha512-vdymE2jyuH/FRmTvrguCYSrq81/rUwuhMYyvt/6ibv9ac7xQ674c8qTdT+RH73sR9/2WUD/NsYxrBA/wUVTxcg==",
      "cpu": [
        "x64"
      ],
      "dev": true,
      "optional": true,
      "os": [
        "openbsd"
      ],
      "engines": {
        "node": ">=12"
      }
    },
    "node_modules/esbuild-sunos-64": {
      "version": "0.14.18",
      "resolved": "https://registry.npmjs.org/esbuild-sunos-64/-/esbuild-sunos-64-0.14.18.tgz",
      "integrity": "sha512-X/Tesy6K1MdJF1d5cbzFDxrIMMn0ye+VgTQRI8P5Vo2CcKxOdckwsKUwpRAvg+VDZ6MxrSOTYS9OOoggPUjxTg==",
      "cpu": [
        "x64"
      ],
      "dev": true,
      "optional": true,
      "os": [
        "sunos"
      ],
      "engines": {
        "node": ">=12"
      }
    },
    "node_modules/esbuild-windows-32": {
      "version": "0.14.18",
      "resolved": "https://registry.npmjs.org/esbuild-windows-32/-/esbuild-windows-32-0.14.18.tgz",
      "integrity": "sha512-glG23I/JzCL4lu7DWFUtVwqFwNwlL0g+ks+mcjjUisHcINoSXTeCNToUN0bHhzn6IlXXnggNQ38Ew/idHPM8+g==",
      "cpu": [
        "ia32"
      ],
      "dev": true,
      "optional": true,
      "os": [
        "win32"
      ],
      "engines": {
        "node": ">=12"
      }
    },
    "node_modules/esbuild-windows-64": {
      "version": "0.14.18",
      "resolved": "https://registry.npmjs.org/esbuild-windows-64/-/esbuild-windows-64-0.14.18.tgz",
      "integrity": "sha512-zEiFKHgV/3z14wsVamV98/5mxeOwz+ecyg0pD3fWcBz9j4EOIT1Tg47axypD4QLwiKFvve9mUBYX1cD99qxOyw==",
      "cpu": [
        "x64"
      ],
      "dev": true,
      "optional": true,
      "os": [
        "win32"
      ],
      "engines": {
        "node": ">=12"
      }
    },
    "node_modules/esbuild-windows-arm64": {
      "version": "0.14.18",
      "resolved": "https://registry.npmjs.org/esbuild-windows-arm64/-/esbuild-windows-arm64-0.14.18.tgz",
      "integrity": "sha512-Mh8lZFcPLat13dABN7lZThGUOn9YxoH5RYkhBq0U3WqQohHzKRhllYh7ibFixnkpMLnv8OZEbl8bGLMy03MpfA==",
      "cpu": [
        "arm64"
      ],
      "dev": true,
      "optional": true,
      "os": [
        "win32"
      ],
      "engines": {
        "node": ">=12"
      }
    },
    "node_modules/fast-glob": {
      "version": "3.2.12",
      "resolved": "https://registry.npmjs.org/fast-glob/-/fast-glob-3.2.12.tgz",
      "integrity": "sha512-DVj4CQIYYow0BlaelwK1pHl5n5cRSJfM60UA0zK891sVInoPri2Ekj7+e1CT3/3qxXenpI+nBBmQAcJPJgaj4w==",
      "dev": true,
      "dependencies": {
        "@nodelib/fs.stat": "^2.0.2",
        "@nodelib/fs.walk": "^1.2.3",
        "glob-parent": "^5.1.2",
        "merge2": "^1.3.0",
        "micromatch": "^4.0.4"
      },
      "engines": {
        "node": ">=8.6.0"
      }
    },
    "node_modules/fastq": {
      "version": "1.15.0",
      "resolved": "https://registry.npmjs.org/fastq/-/fastq-1.15.0.tgz",
      "integrity": "sha512-wBrocU2LCXXa+lWBt8RoIRD89Fi8OdABODa/kEnyeyjS5aZO5/GNvI5sEINADqP/h8M29UHTHUb53sUu5Ihqdw==",
      "dev": true,
      "dependencies": {
        "reusify": "^1.0.4"
      }
    },
    "node_modules/fill-range": {
      "version": "7.0.1",
      "resolved": "https://registry.npmjs.org/fill-range/-/fill-range-7.0.1.tgz",
      "integrity": "sha512-qOo9F+dMUmC2Lcb4BbVvnKJxTPjCm+RRpe4gDuGrzkL7mEVl/djYSu2OdQ2Pa302N4oqkSg9ir6jaLWJ2USVpQ==",
      "dev": true,
      "dependencies": {
        "to-regex-range": "^5.0.1"
      },
      "engines": {
        "node": ">=8"
      }
    },
    "node_modules/glob-parent": {
      "version": "5.1.2",
      "resolved": "https://registry.npmjs.org/glob-parent/-/glob-parent-5.1.2.tgz",
      "integrity": "sha512-AOIgSQCepiJYwP3ARnGx+5VnTu2HBYdzbGP45eLw1vr3zB3vZLeyed1sC9hnbcOc9/SrMyM5RPQrkGz4aS9Zow==",
      "dev": true,
      "dependencies": {
        "is-glob": "^4.0.1"
      },
      "engines": {
        "node": ">= 6"
      }
    },
    "node_modules/inversify": {
      "version": "6.0.1",
      "resolved": "https://registry.npmjs.org/inversify/-/inversify-6.0.1.tgz",
      "integrity": "sha512-B3ex30927698TJENHR++8FfEaJGqoWOgI6ZY5Ht/nLUsFCwHn6akbwtnUAPCgUepAnTpe2qHxhDNjoKLyz6rgQ==",
      "dev": true
    },
    "node_modules/is-extglob": {
      "version": "2.1.1",
      "resolved": "https://registry.npmjs.org/is-extglob/-/is-extglob-2.1.1.tgz",
      "integrity": "sha512-SbKbANkN603Vi4jEZv49LeVJMn4yGwsbzZworEoyEiutsN3nJYdbO36zfhGJ6QEDpOZIFkDtnq5JRxmvl3jsoQ==",
      "dev": true,
      "engines": {
        "node": ">=0.10.0"
      }
    },
    "node_modules/is-glob": {
      "version": "4.0.3",
      "resolved": "https://registry.npmjs.org/is-glob/-/is-glob-4.0.3.tgz",
      "integrity": "sha512-xelSayHH36ZgE7ZWhli7pW34hNbNl8Ojv5KVmkJD4hBdD3th8Tfk9vYasLM+mXWOZhFkgZfxhLSnrwRr4elSSg==",
      "dev": true,
      "dependencies": {
        "is-extglob": "^2.1.1"
      },
      "engines": {
        "node": ">=0.10.0"
      }
    },
    "node_modules/is-number": {
      "version": "7.0.0",
      "resolved": "https://registry.npmjs.org/is-number/-/is-number-7.0.0.tgz",
      "integrity": "sha512-41Cifkg6e8TylSpdtTpeLVMqvSBEVzTttHvERD741+pnZ8ANv0004MRL43QKPDlK9cGvNp6NZWZUBlbGXYxxng==",
      "dev": true,
      "engines": {
        "node": ">=0.12.0"
      }
    },
    "node_modules/isomorphic.js": {
      "version": "0.2.5",
      "resolved": "https://registry.npmjs.org/isomorphic.js/-/isomorphic.js-0.2.5.tgz",
      "integrity": "sha512-PIeMbHqMt4DnUP3MA/Flc0HElYjMXArsw1qwJZcm9sqR8mq3l8NYizFMty0pWwE/tzIGH3EKK5+jes5mAr85yw==",
      "funding": {
        "type": "GitHub Sponsors ❤",
        "url": "https://github.com/sponsors/dmonad"
      }
    },
    "node_modules/lib0": {
      "version": "0.2.73",
      "resolved": "https://registry.npmjs.org/lib0/-/lib0-0.2.73.tgz",
      "integrity": "sha512-aJJIElCLWnHMcYZPtsM07QoSfHwpxCy4VUzBYGXFYEmh/h2QS5uZNbCCfL0CqnkOE30b7Tp9DVfjXag+3qzZjQ==",
      "dependencies": {
        "isomorphic.js": "^0.2.4"
      },
      "bin": {
        "0gentesthtml": "bin/gentesthtml.js",
        "0serve": "bin/0serve.js"
      },
      "engines": {
        "node": ">=14"
      },
      "funding": {
        "type": "GitHub Sponsors ❤",
        "url": "https://github.com/sponsors/dmonad"
      }
    },
    "node_modules/merge2": {
      "version": "1.4.1",
      "resolved": "https://registry.npmjs.org/merge2/-/merge2-1.4.1.tgz",
      "integrity": "sha512-8q7VEgMJW4J8tcfVPy8g09NcQwZdbwFEqhe/WZkoIzjn/3TGDwtOCYtXGxA3O8tPzpczCCDgv+P2P5y00ZJOOg==",
      "dev": true,
      "engines": {
        "node": ">= 8"
      }
    },
    "node_modules/micromatch": {
      "version": "4.0.5",
      "resolved": "https://registry.npmjs.org/micromatch/-/micromatch-4.0.5.tgz",
      "integrity": "sha512-DMy+ERcEW2q8Z2Po+WNXuw3c5YaUSFjAO5GsJqfEl7UjvtIuFKO6ZrKvcItdy98dwFI2N1tg3zNIdKaQT+aNdA==",
      "dev": true,
      "dependencies": {
        "braces": "^3.0.2",
        "picomatch": "^2.3.1"
      },
      "engines": {
        "node": ">=8.6"
      }
    },
    "node_modules/minimatch": {
      "version": "3.1.2",
      "resolved": "https://registry.npmjs.org/minimatch/-/minimatch-3.1.2.tgz",
      "integrity": "sha512-J7p63hRiAjw1NDEww1W7i37+ByIrOWO5XQQAzZ3VOcL0PNybwpfmV/N05zFAzwQ9USyEcX6t3UO+K5aqBQOIHw==",
      "dev": true,
      "dependencies": {
        "brace-expansion": "^1.1.7"
      },
      "engines": {
        "node": "*"
      }
    },
    "node_modules/mkdirp": {
      "version": "1.0.4",
      "resolved": "https://registry.npmjs.org/mkdirp/-/mkdirp-1.0.4.tgz",
      "integrity": "sha512-vVqVZQyf3WLx2Shd0qJ9xuvqgAyKPLAiqITEtqW0oIUjzo3PePDd6fW9iFz30ef7Ysp/oiWqbhszeGWW2T6Gzw==",
      "dev": true,
      "bin": {
        "mkdirp": "bin/cmd.js"
      },
      "engines": {
        "node": ">=10"
      }
    },
    "node_modules/path-browserify": {
      "version": "1.0.1",
      "resolved": "https://registry.npmjs.org/path-browserify/-/path-browserify-1.0.1.tgz",
      "integrity": "sha512-b7uo2UCUOYZcnF/3ID0lulOJi/bafxa1xPe7ZPsammBSpjSWQkjNxlt635YGS2MiR9GjvuXCtz2emr3jbsz98g==",
      "dev": true
    },
    "node_modules/picomatch": {
      "version": "2.3.1",
      "resolved": "https://registry.npmjs.org/picomatch/-/picomatch-2.3.1.tgz",
      "integrity": "sha512-JU3teHTNjmE2VCGFzuY8EXzCDVwEqB2a8fsIvwaStHhAWJEeVd1o1QD80CU6+ZdEXXSLbSsuLwJjkCBWqRQUVA==",
      "dev": true,
      "engines": {
        "node": ">=8.6"
      },
      "funding": {
        "url": "https://github.com/sponsors/jonschlinkert"
      }
    },
    "node_modules/plv8ify": {
      "version": "0.0.40",
      "resolved": "git+ssh://git@github.com/samwillis/plv8ify.git#66f158708541eba8a86d8030ade5fd2c4160ab3d",
      "dev": true,
      "license": "MIT",
      "dependencies": {
        "arg": "5.0.1",
        "esbuild": "0.14.18",
        "inversify": "6.0.1",
        "reflect-metadata": "0.1.13",
        "ts-morph": "13.0.3",
        "ts-pattern": "3.3.5",
        "webpack-node-externals": "3.0.0"
      },
      "bin": {
        "plv8ify": "dist/index.js"
      }
    },
    "node_modules/queue-microtask": {
      "version": "1.2.3",
      "resolved": "https://registry.npmjs.org/queue-microtask/-/queue-microtask-1.2.3.tgz",
      "integrity": "sha512-NuaNSa6flKT5JaSYQzJok04JzTL1CA6aGhv5rfLW3PgqA+M2ChpZQnAC8h8i4ZFkBS8X5RqkDBHA7r4hej3K9A==",
      "dev": true,
      "funding": [
        {
          "type": "github",
          "url": "https://github.com/sponsors/feross"
        },
        {
          "type": "patreon",
          "url": "https://www.patreon.com/feross"
        },
        {
          "type": "consulting",
          "url": "https://feross.org/support"
        }
      ]
    },
    "node_modules/reflect-metadata": {
      "version": "0.1.13",
      "resolved": "https://registry.npmjs.org/reflect-metadata/-/reflect-metadata-0.1.13.tgz",
      "integrity": "sha512-Ts1Y/anZELhSsjMcU605fU9RE4Oi3p5ORujwbIKXfWa+0Zxs510Qrmrce5/Jowq3cHSZSJqBjypxmHarc+vEWg==",
      "dev": true
    },
    "node_modules/reusify": {
      "version": "1.0.4",
      "resolved": "https://registry.npmjs.org/reusify/-/reusify-1.0.4.tgz",
      "integrity": "sha512-U9nH88a3fc/ekCF1l0/UP1IosiuIjyTh7hBvXVMHYgVcfGvt897Xguj2UOLDeI5BG2m7/uwyaLVT6fbtCwTyzw==",
      "dev": true,
      "engines": {
        "iojs": ">=1.0.0",
        "node": ">=0.10.0"
      }
    },
    "node_modules/run-parallel": {
      "version": "1.2.0",
      "resolved": "https://registry.npmjs.org/run-parallel/-/run-parallel-1.2.0.tgz",
      "integrity": "sha512-5l4VyZR86LZ/lDxZTR6jqL8AFE2S0IFLMP26AbjsLVADxHdhB/c0GUsH+y39UfCi3dzz8OlQuPmnaJOMoDHQBA==",
      "dev": true,
      "funding": [
        {
          "type": "github",
          "url": "https://github.com/sponsors/feross"
        },
        {
          "type": "patreon",
          "url": "https://www.patreon.com/feross"
        },
        {
          "type": "consulting",
          "url": "https://feross.org/support"
        }
      ],
      "dependencies": {
        "queue-microtask": "^1.2.2"
      }
    },
    "node_modules/to-regex-range": {
      "version": "5.0.1",
      "resolved": "https://registry.npmjs.org/to-regex-range/-/to-regex-range-5.0.1.tgz",
      "integrity": "sha512-65P7iz6X5yEr1cwcgvQxbbIw7Uk3gOy5dIdtZ4rDveLqhrdJP+Li/Hx6tyK0NEb+2GCyneCMJiGqrADCSNk8sQ==",
      "dev": true,
      "dependencies": {
        "is-number": "^7.0.0"
      },
      "engines": {
        "node": ">=8.0"
      }
    },
    "node_modules/ts-morph": {
      "version": "13.0.3",
      "resolved": "https://registry.npmjs.org/ts-morph/-/ts-morph-13.0.3.tgz",
      "integrity": "sha512-pSOfUMx8Ld/WUreoSzvMFQG5i9uEiWIsBYjpU9+TTASOeUa89j5HykomeqVULm1oqWtBdleI3KEFRLrlA3zGIw==",
      "dev": true,
      "dependencies": {
        "@ts-morph/common": "~0.12.3",
        "code-block-writer": "^11.0.0"
      }
    },
    "node_modules/ts-pattern": {
      "version": "3.3.5",
      "resolved": "https://registry.npmjs.org/ts-pattern/-/ts-pattern-3.3.5.tgz",
      "integrity": "sha512-LD+wFR/RNckk1DrKV0LTH4KIT9wRqnnOjtEf77ovhKcVi8gf83Uf6U7OdywEua6KD9SbHadUdfolayfIUiPxzw==",
      "dev": true
    },
    "node_modules/typescript": {
      "version": "5.0.4",
      "resolved": "https://registry.npmjs.org/typescript/-/typescript-5.0.4.tgz",
      "integrity": "sha512-cW9T5W9xY37cc+jfEnaUvX91foxtHkza3Nw3wkoF4sSlKn0MONdkdEndig/qPBWXNkmplh3NzayQzCiHM4/hqw==",
      "bin": {
        "tsc": "bin/tsc",
        "tsserver": "bin/tsserver"
      },
      "engines": {
        "node": ">=12.20"
      }
    },
    "node_modules/webpack-node-externals": {
      "version": "3.0.0",
      "resolved": "https://registry.npmjs.org/webpack-node-externals/-/webpack-node-externals-3.0.0.tgz",
      "integrity": "sha512-LnL6Z3GGDPht/AigwRh2dvL9PQPFQ8skEpVrWZXLWBYmqcaojHNN0onvHzie6rq7EWKrrBfPYqNEzTJgiwEQDQ==",
      "dev": true,
      "engines": {
        "node": ">=6"
      }
    },
    "node_modules/yjs": {
      "version": "13.5.52",
      "resolved": "https://registry.npmjs.org/yjs/-/yjs-13.5.52.tgz",
      "integrity": "sha512-wTajR70VeI6uztpUk4kMcXYHSRzuUlNyJPdBG9NII0EcFf27DwGduZEm3XbP7VSzlGx5n6uenBhOPX+YuPH/tA==",
      "dependencies": {
        "lib0": "^0.2.72"
      },
      "engines": {
        "node": ">=16.0.0",
        "npm": ">=8.0.0"
      },
      "funding": {
        "type": "GitHub Sponsors ❤",
        "url": "https://github.com/sponsors/dmonad"
      }
    }
  },
  "dependencies": {
    "@nodelib/fs.scandir": {
      "version": "2.1.5",
      "resolved": "https://registry.npmjs.org/@nodelib/fs.scandir/-/fs.scandir-2.1.5.tgz",
      "integrity": "sha512-vq24Bq3ym5HEQm2NKCr3yXDwjc7vTsEThRDnkp2DK9p1uqLR+DHurm/NOTo0KG7HYHU7eppKZj3MyqYuMBf62g==",
      "dev": true,
      "requires": {
        "@nodelib/fs.stat": "2.0.5",
        "run-parallel": "^1.1.9"
      }
    },
    "@nodelib/fs.stat": {
      "version": "2.0.5",
      "resolved": "https://registry.npmjs.org/@nodelib/fs.stat/-/fs.stat-2.0.5.tgz",
      "integrity": "sha512-RkhPPp2zrqDAQA/2jNhnztcPAlv64XdhIp7a7454A5ovI7Bukxgt7MX7udwAu3zg1DcpPU0rz3VV1SeaqvY4+A==",
      "dev": true
    },
    "@nodelib/fs.walk": {
      "version": "1.2.8",
      "resolved": "https://registry.npmjs.org/@nodelib/fs.walk/-/fs.walk-1.2.8.tgz",
      "integrity": "sha512-oGB+UxlgWcgQkgwo8GcEGwemoTFt3FIO9ababBmaGwXIoBKZ+GTy0pP185beGg7Llih/NSHSV2XAs1lnznocSg==",
      "dev": true,
      "requires": {
        "@nodelib/fs.scandir": "2.1.5",
        "fastq": "^1.6.0"
      }
    },
    "@ts-morph/common": {
      "version": "0.12.3",
      "resolved": "https://registry.npmjs.org/@ts-morph/common/-/common-0.12.3.tgz",
      "integrity": "sha512-4tUmeLyXJnJWvTFOKtcNJ1yh0a3SsTLi2MUoyj8iUNznFRN1ZquaNe7Oukqrnki2FzZkm0J9adCNLDZxUzvj+w==",
      "dev": true,
      "requires": {
        "fast-glob": "^3.2.7",
        "minimatch": "^3.0.4",
        "mkdirp": "^1.0.4",
        "path-browserify": "^1.0.1"
      }
    },
    "arg": {
      "version": "5.0.1",
      "resolved": "https://registry.npmjs.org/arg/-/arg-5.0.1.tgz",
      "integrity": "sha512-e0hDa9H2Z9AwFkk2qDlwhoMYE4eToKarchkQHovNdLTCYMHZHeRjI71crOh+dio4K6u1IcwubQqo79Ga4CyAQA==",
      "dev": true
    },
    "balanced-match": {
      "version": "1.0.2",
      "resolved": "https://registry.npmjs.org/balanced-match/-/balanced-match-1.0.2.tgz",
      "integrity": "sha512-3oSeUO0TMV67hN1AmbXsK4yaqU7tjiHlbxRDZOpH0KW9+CeX4bRAaX0Anxt0tx2MrpRpWwQaPwIlISEJhYU5Pw==",
      "dev": true
    },
    "brace-expansion": {
      "version": "1.1.11",
      "resolved": "https://registry.npmjs.org/brace-expansion/-/brace-expansion-1.1.11.tgz",
      "integrity": "sha512-iCuPHDFgrHX7H2vEI/5xpz07zSHB00TpugqhmYtVmMO6518mCuRMoOYFldEBl0g187ufozdaHgWKcYFb61qGiA==",
      "dev": true,
      "requires": {
        "balanced-match": "^1.0.0",
        "concat-map": "0.0.1"
      }
    },
    "braces": {
      "version": "3.0.2",
      "resolved": "https://registry.npmjs.org/braces/-/braces-3.0.2.tgz",
      "integrity": "sha512-b8um+L1RzM3WDSzvhm6gIz1yfTbBt6YTlcEKAvsmqCZZFw46z626lVj9j1yEPW33H5H+lBQpZMP1k8l+78Ha0A==",
      "dev": true,
      "requires": {
        "fill-range": "^7.0.1"
      }
    },
    "code-block-writer": {
      "version": "11.0.3",
      "resolved": "https://registry.npmjs.org/code-block-writer/-/code-block-writer-11.0.3.tgz",
      "integrity": "sha512-NiujjUFB4SwScJq2bwbYUtXbZhBSlY6vYzm++3Q6oC+U+injTqfPYFK8wS9COOmb2lueqp0ZRB4nK1VYeHgNyw==",
      "dev": true
    },
    "concat-map": {
      "version": "0.0.1",
      "resolved": "https://registry.npmjs.org/concat-map/-/concat-map-0.0.1.tgz",
      "integrity": "sha512-/Srv4dswyQNBfohGpz9o6Yb3Gz3SrUDqBH5rTuhGR7ahtlbYKnVxw2bCFMRljaA7EXHaXZ8wsHdodFvbkhKmqg==",
      "dev": true
    },
    "esbuild": {
      "version": "0.14.18",
      "resolved": "https://registry.npmjs.org/esbuild/-/esbuild-0.14.18.tgz",
      "integrity": "sha512-vCUoISSltnX7ax01w70pWOSQT+e55o+2P/a+A9MSTukJAt3T4aDZajcjeG4fnZbkvOEv+dkKgdkvljz6vVQD4A==",
      "dev": true,
      "requires": {
        "esbuild-android-arm64": "0.14.18",
        "esbuild-darwin-64": "0.14.18",
        "esbuild-darwin-arm64": "0.14.18",
        "esbuild-freebsd-64": "0.14.18",
        "esbuild-freebsd-arm64": "0.14.18",
        "esbuild-linux-32": "0.14.18",
        "esbuild-linux-64": "0.14.18",
        "esbuild-linux-arm": "0.14.18",
        "esbuild-linux-arm64": "0.14.18",
        "esbuild-linux-mips64le": "0.14.18",
        "esbuild-linux-ppc64le": "0.14.18",
        "esbuild-linux-s390x": "0.14.18",
        "esbuild-netbsd-64": "0.14.18",
        "esbuild-openbsd-64": "0.14.18",
        "esbuild-sunos-64": "0.14.18",
        "esbuild-windows-32": "0.14.18",
        "esbuild-windows-64": "0.14.18",
        "esbuild-windows-arm64": "0.14.18"
      }
    },
    "esbuild-android-arm64": {
      "version": "0.14.18",
      "resolved": "https://registry.npmjs.org/esbuild-android-arm64/-/esbuild-android-arm64-0.14.18.tgz",
      "integrity": "sha512-AuE8vIwc6QLquwykyscFk0Ji3RFczoOvjka64FJlcjLLhD6VsS584RYlQrSnPpRkv69PunUvyrBoEF7JFTJijg==",
      "dev": true,
      "optional": true
    },
    "esbuild-darwin-64": {
      "version": "0.14.18",
      "resolved": "https://registry.npmjs.org/esbuild-darwin-64/-/esbuild-darwin-64-0.14.18.tgz",
      "integrity": "sha512-nN1XziZtDy8QYOggaXC3zu0vVh8YJpS8Bol7bHaxx0enTLDSFBCXUUJEKYpmAAJ4OZRPgjXv8NzEHHQWQvLzXg==",
      "dev": true,
      "optional": true
    },
    "esbuild-darwin-arm64": {
      "version": "0.14.18",
      "resolved": "https://registry.npmjs.org/esbuild-darwin-arm64/-/esbuild-darwin-arm64-0.14.18.tgz",
      "integrity": "sha512-v0i2n6TCsbxco/W1fN8RgQt3RW00Q9zJO2eqiAdmLWg6Hx0HNHloZyfhF11i7nMUUgW8r5n++ZweIXjAFPE/gQ==",
      "dev": true,
      "optional": true
    },
    "esbuild-freebsd-64": {
      "version": "0.14.18",
      "resolved": "https://registry.npmjs.org/esbuild-freebsd-64/-/esbuild-freebsd-64-0.14.18.tgz",
      "integrity": "sha512-XLyJZTWbSuQJOqw867tBxvto6GjxULvWZYKs6RFHYQPCqgQ0ODLRtBmp4Fqqpde52yOe45npaaoup9IXNfr32A==",
      "dev": true,
      "optional": true
    },
    "esbuild-freebsd-arm64": {
      "version": "0.14.18",
      "resolved": "https://registry.npmjs.org/esbuild-freebsd-arm64/-/esbuild-freebsd-arm64-0.14.18.tgz",
      "integrity": "sha512-0ItfrR8hePnDcUXxUQxY+VfICcBfeMJCdK6mcNUXnXw6LyHjyUYXWpFXF+J18pg1/YUWRWO1HbsJ7FEwELcQIA==",
      "dev": true,
      "optional": true
    },
    "esbuild-linux-32": {
      "version": "0.14.18",
      "resolved": "https://registry.npmjs.org/esbuild-linux-32/-/esbuild-linux-32-0.14.18.tgz",
      "integrity": "sha512-mnG84D9NsEsoQdBpBT0IsFjm5iAwnd81SP4tRMXZLl09lPvIWjHHSq6LDlb4+L5H5K5y68WC//X5Dr2MtNY3DQ==",
      "dev": true,
      "optional": true
    },
    "esbuild-linux-64": {
      "version": "0.14.18",
      "resolved": "https://registry.npmjs.org/esbuild-linux-64/-/esbuild-linux-64-0.14.18.tgz",
      "integrity": "sha512-HvExRtkeA8l/p+7Lf6aBrnLH+jTCFJTUMJxGKExh2RD8lCXGTeDJFyP+BOEetP80fuuH+Syj79+LVQ9MihdBsg==",
      "dev": true,
      "optional": true
    },
    "esbuild-linux-arm": {
      "version": "0.14.18",
      "resolved": "https://registry.npmjs.org/esbuild-linux-arm/-/esbuild-linux-arm-0.14.18.tgz",
      "integrity": "sha512-+ZL8xfXVNaeaZ2Kxqlw2VYZWRDZ7NSK4zOV9GKNAtkkWURLsPUU84aUOBatRe9BH1O5FDo3LLQSlaA04ed6lhA==",
      "dev": true,
      "optional": true
    },
    "esbuild-linux-arm64": {
      "version": "0.14.18",
      "resolved": "https://registry.npmjs.org/esbuild-linux-arm64/-/esbuild-linux-arm64-0.14.18.tgz",
      "integrity": "sha512-CCWmilODE1ckw+M7RVqoqKWA4UB0alCyK2bv0ikEeEAwkzinlJeoe94t9CnT/ECSQ2sL+C16idsr+aUviGp7sg==",
      "dev": true,
      "optional": true
    },
    "esbuild-linux-mips64le": {
      "version": "0.14.18",
      "resolved": "https://registry.npmjs.org/esbuild-linux-mips64le/-/esbuild-linux-mips64le-0.14.18.tgz",
      "integrity": "sha512-8LjO4+6Vxz5gbyCHO4OONYMF689nLderCtzb8lG1Bncs4ZXHpo6bjvuWeTMRbGUkvAhp+P6hMTzia7RHOC53wQ==",
      "dev": true,
      "optional": true
    },
    "esbuild-linux-ppc64le": {
      "version": "0.14.18",
      "resolved": "https://registry.npmjs.org/esbuild-linux-ppc64le/-/esbuild-linux-ppc64le-0.14.18.tgz",
      "integrity": "sha512-0OJk/6iYEmF1J7LXY6+cqf6Ga5vG4an7n1nubTKce7kYqaTyNGfYcTjDZce6lnDVlZTJtwntIMszq1+ZX7Kenw==",
      "dev": true,
      "optional": true
    },
    "esbuild-linux-s390x": {
      "version": "0.14.18",
      "resolved": "https://registry.npmjs.org/esbuild-linux-s390x/-/esbuild-linux-s390x-0.14.18.tgz",
      "integrity": "sha512-UNY7YKZHjY31KcNanJK4QaT2/aoIQyS+jViP3QuDRIoYAogRnc6WydylzIkkEzGMaC4fzaXOmQ8fxwpLAXK4Yg==",
      "dev": true,
      "optional": true
    },
    "esbuild-netbsd-64": {
      "version": "0.14.18",
      "resolved": "https://registry.npmjs.org/esbuild-netbsd-64/-/esbuild-netbsd-64-0.14.18.tgz",
      "integrity": "sha512-wE/2xT9KNzLCfEBw24YbVmMmXH92cFIzrRPUlwWH9dIizjvEYYcyQ+peTMVkqzUum7pdlVLZ2CDDqAaZo/nW/w==",
      "dev": true,
      "optional": true
    },
    "esbuild-openbsd-64": {
      "version": "0.14.18",
      "resolved": "https://registry.npmjs.org/esbuild-openbsd-64/-/esbuild-openbsd-64-0.14.18.tgz",
      "integrity": "sha512-vdymE2jyuH/FRmTvrguCYSrq81/rUwuhMYyvt/6ibv9ac7xQ674c8qTdT+RH73sR9/2WUD/NsYxrBA/wUVTxcg==",
      "dev": true,
      "optional": true
    },
    "esbuild-sunos-64": {
      "version": "0.14.18",
      "resolved": "https://registry.npmjs.org/esbuild-sunos-64/-/esbuild-sunos-64-0.14.18.tgz",
      "integrity": "sha512-X/Tesy6K1MdJF1d5cbzFDxrIMMn0ye+VgTQRI8P5Vo2CcKxOdckwsKUwpRAvg+VDZ6MxrSOTYS9OOoggPUjxTg==",
      "dev": true,
      "optional": true
    },
    "esbuild-windows-32": {
      "version": "0.14.18",
      "resolved": "https://registry.npmjs.org/esbuild-windows-32/-/esbuild-windows-32-0.14.18.tgz",
      "integrity": "sha512-glG23I/JzCL4lu7DWFUtVwqFwNwlL0g+ks+mcjjUisHcINoSXTeCNToUN0bHhzn6IlXXnggNQ38Ew/idHPM8+g==",
      "dev": true,
      "optional": true
    },
    "esbuild-windows-64": {
      "version": "0.14.18",
      "resolved": "https://registry.npmjs.org/esbuild-windows-64/-/esbuild-windows-64-0.14.18.tgz",
      "integrity": "sha512-zEiFKHgV/3z14wsVamV98/5mxeOwz+ecyg0pD3fWcBz9j4EOIT1Tg47axypD4QLwiKFvve9mUBYX1cD99qxOyw==",
      "dev": true,
      "optional": true
    },
    "esbuild-windows-arm64": {
      "version": "0.14.18",
      "resolved": "https://registry.npmjs.org/esbuild-windows-arm64/-/esbuild-windows-arm64-0.14.18.tgz",
      "integrity": "sha512-Mh8lZFcPLat13dABN7lZThGUOn9YxoH5RYkhBq0U3WqQohHzKRhllYh7ibFixnkpMLnv8OZEbl8bGLMy03MpfA==",
      "dev": true,
      "optional": true
    },
    "fast-glob": {
      "version": "3.2.12",
      "resolved": "https://registry.npmjs.org/fast-glob/-/fast-glob-3.2.12.tgz",
      "integrity": "sha512-DVj4CQIYYow0BlaelwK1pHl5n5cRSJfM60UA0zK891sVInoPri2Ekj7+e1CT3/3qxXenpI+nBBmQAcJPJgaj4w==",
      "dev": true,
      "requires": {
        "@nodelib/fs.stat": "^2.0.2",
        "@nodelib/fs.walk": "^1.2.3",
        "glob-parent": "^5.1.2",
        "merge2": "^1.3.0",
        "micromatch": "^4.0.4"
      }
    },
    "fastq": {
      "version": "1.15.0",
      "resolved": "https://registry.npmjs.org/fastq/-/fastq-1.15.0.tgz",
      "integrity": "sha512-wBrocU2LCXXa+lWBt8RoIRD89Fi8OdABODa/kEnyeyjS5aZO5/GNvI5sEINADqP/h8M29UHTHUb53sUu5Ihqdw==",
      "dev": true,
      "requires": {
        "reusify": "^1.0.4"
      }
    },
    "fill-range": {
      "version": "7.0.1",
      "resolved": "https://registry.npmjs.org/fill-range/-/fill-range-7.0.1.tgz",
      "integrity": "sha512-qOo9F+dMUmC2Lcb4BbVvnKJxTPjCm+RRpe4gDuGrzkL7mEVl/djYSu2OdQ2Pa302N4oqkSg9ir6jaLWJ2USVpQ==",
      "dev": true,
      "requires": {
        "to-regex-range": "^5.0.1"
      }
    },
    "glob-parent": {
      "version": "5.1.2",
      "resolved": "https://registry.npmjs.org/glob-parent/-/glob-parent-5.1.2.tgz",
      "integrity": "sha512-AOIgSQCepiJYwP3ARnGx+5VnTu2HBYdzbGP45eLw1vr3zB3vZLeyed1sC9hnbcOc9/SrMyM5RPQrkGz4aS9Zow==",
      "dev": true,
      "requires": {
        "is-glob": "^4.0.1"
      }
    },
    "inversify": {
      "version": "6.0.1",
      "resolved": "https://registry.npmjs.org/inversify/-/inversify-6.0.1.tgz",
      "integrity": "sha512-B3ex30927698TJENHR++8FfEaJGqoWOgI6ZY5Ht/nLUsFCwHn6akbwtnUAPCgUepAnTpe2qHxhDNjoKLyz6rgQ==",
      "dev": true
    },
    "is-extglob": {
      "version": "2.1.1",
      "resolved": "https://registry.npmjs.org/is-extglob/-/is-extglob-2.1.1.tgz",
      "integrity": "sha512-SbKbANkN603Vi4jEZv49LeVJMn4yGwsbzZworEoyEiutsN3nJYdbO36zfhGJ6QEDpOZIFkDtnq5JRxmvl3jsoQ==",
      "dev": true
    },
    "is-glob": {
      "version": "4.0.3",
      "resolved": "https://registry.npmjs.org/is-glob/-/is-glob-4.0.3.tgz",
      "integrity": "sha512-xelSayHH36ZgE7ZWhli7pW34hNbNl8Ojv5KVmkJD4hBdD3th8Tfk9vYasLM+mXWOZhFkgZfxhLSnrwRr4elSSg==",
      "dev": true,
      "requires": {
        "is-extglob": "^2.1.1"
      }
    },
    "is-number": {
      "version": "7.0.0",
      "resolved": "https://registry.npmjs.org/is-number/-/is-number-7.0.0.tgz",
      "integrity": "sha512-41Cifkg6e8TylSpdtTpeLVMqvSBEVzTttHvERD741+pnZ8ANv0004MRL43QKPDlK9cGvNp6NZWZUBlbGXYxxng==",
      "dev": true
    },
    "isomorphic.js": {
      "version": "0.2.5",
      "resolved": "https://registry.npmjs.org/isomorphic.js/-/isomorphic.js-0.2.5.tgz",
      "integrity": "sha512-PIeMbHqMt4DnUP3MA/Flc0HElYjMXArsw1qwJZcm9sqR8mq3l8NYizFMty0pWwE/tzIGH3EKK5+jes5mAr85yw=="
    },
    "lib0": {
      "version": "0.2.73",
      "resolved": "https://registry.npmjs.org/lib0/-/lib0-0.2.73.tgz",
      "integrity": "sha512-aJJIElCLWnHMcYZPtsM07QoSfHwpxCy4VUzBYGXFYEmh/h2QS5uZNbCCfL0CqnkOE30b7Tp9DVfjXag+3qzZjQ==",
      "requires": {
        "isomorphic.js": "^0.2.4"
      }
    },
    "merge2": {
      "version": "1.4.1",
      "resolved": "https://registry.npmjs.org/merge2/-/merge2-1.4.1.tgz",
      "integrity": "sha512-8q7VEgMJW4J8tcfVPy8g09NcQwZdbwFEqhe/WZkoIzjn/3TGDwtOCYtXGxA3O8tPzpczCCDgv+P2P5y00ZJOOg==",
      "dev": true
    },
    "micromatch": {
      "version": "4.0.5",
      "resolved": "https://registry.npmjs.org/micromatch/-/micromatch-4.0.5.tgz",
      "integrity": "sha512-DMy+ERcEW2q8Z2Po+WNXuw3c5YaUSFjAO5GsJqfEl7UjvtIuFKO6ZrKvcItdy98dwFI2N1tg3zNIdKaQT+aNdA==",
      "dev": true,
      "requires": {
        "braces": "^3.0.2",
        "picomatch": "^2.3.1"
      }
    },
    "minimatch": {
      "version": "3.1.2",
      "resolved": "https://registry.npmjs.org/minimatch/-/minimatch-3.1.2.tgz",
      "integrity": "sha512-J7p63hRiAjw1NDEww1W7i37+ByIrOWO5XQQAzZ3VOcL0PNybwpfmV/N05zFAzwQ9USyEcX6t3UO+K5aqBQOIHw==",
      "dev": true,
      "requires": {
        "brace-expansion": "^1.1.7"
      }
    },
    "mkdirp": {
      "version": "1.0.4",
      "resolved": "https://registry.npmjs.org/mkdirp/-/mkdirp-1.0.4.tgz",
      "integrity": "sha512-vVqVZQyf3WLx2Shd0qJ9xuvqgAyKPLAiqITEtqW0oIUjzo3PePDd6fW9iFz30ef7Ysp/oiWqbhszeGWW2T6Gzw==",
      "dev": true
    },
    "path-browserify": {
      "version": "1.0.1",
      "resolved": "https://registry.npmjs.org/path-browserify/-/path-browserify-1.0.1.tgz",
      "integrity": "sha512-b7uo2UCUOYZcnF/3ID0lulOJi/bafxa1xPe7ZPsammBSpjSWQkjNxlt635YGS2MiR9GjvuXCtz2emr3jbsz98g==",
      "dev": true
    },
    "picomatch": {
      "version": "2.3.1",
      "resolved": "https://registry.npmjs.org/picomatch/-/picomatch-2.3.1.tgz",
      "integrity": "sha512-JU3teHTNjmE2VCGFzuY8EXzCDVwEqB2a8fsIvwaStHhAWJEeVd1o1QD80CU6+ZdEXXSLbSsuLwJjkCBWqRQUVA==",
      "dev": true
    },
    "plv8ify": {
      "version": "git+ssh://git@github.com/samwillis/plv8ify.git#66f158708541eba8a86d8030ade5fd2c4160ab3d",
      "dev": true,
      "from": "plv8ify@https://github.com/samwillis/plv8ify.git#types",
      "requires": {
        "arg": "5.0.1",
        "esbuild": "0.14.18",
        "inversify": "6.0.1",
        "reflect-metadata": "0.1.13",
        "ts-morph": "13.0.3",
        "ts-pattern": "3.3.5",
        "webpack-node-externals": "3.0.0"
      }
    },
    "queue-microtask": {
      "version": "1.2.3",
      "resolved": "https://registry.npmjs.org/queue-microtask/-/queue-microtask-1.2.3.tgz",
      "integrity": "sha512-NuaNSa6flKT5JaSYQzJok04JzTL1CA6aGhv5rfLW3PgqA+M2ChpZQnAC8h8i4ZFkBS8X5RqkDBHA7r4hej3K9A==",
      "dev": true
    },
    "reflect-metadata": {
      "version": "0.1.13",
      "resolved": "https://registry.npmjs.org/reflect-metadata/-/reflect-metadata-0.1.13.tgz",
      "integrity": "sha512-Ts1Y/anZELhSsjMcU605fU9RE4Oi3p5ORujwbIKXfWa+0Zxs510Qrmrce5/Jowq3cHSZSJqBjypxmHarc+vEWg==",
      "dev": true
    },
    "reusify": {
      "version": "1.0.4",
      "resolved": "https://registry.npmjs.org/reusify/-/reusify-1.0.4.tgz",
      "integrity": "sha512-U9nH88a3fc/ekCF1l0/UP1IosiuIjyTh7hBvXVMHYgVcfGvt897Xguj2UOLDeI5BG2m7/uwyaLVT6fbtCwTyzw==",
      "dev": true
    },
    "run-parallel": {
      "version": "1.2.0",
      "resolved": "https://registry.npmjs.org/run-parallel/-/run-parallel-1.2.0.tgz",
      "integrity": "sha512-5l4VyZR86LZ/lDxZTR6jqL8AFE2S0IFLMP26AbjsLVADxHdhB/c0GUsH+y39UfCi3dzz8OlQuPmnaJOMoDHQBA==",
      "dev": true,
      "requires": {
        "queue-microtask": "^1.2.2"
      }
    },
    "to-regex-range": {
      "version": "5.0.1",
      "resolved": "https://registry.npmjs.org/to-regex-range/-/to-regex-range-5.0.1.tgz",
      "integrity": "sha512-65P7iz6X5yEr1cwcgvQxbbIw7Uk3gOy5dIdtZ4rDveLqhrdJP+Li/Hx6tyK0NEb+2GCyneCMJiGqrADCSNk8sQ==",
      "dev": true,
      "requires": {
        "is-number": "^7.0.0"
      }
    },
    "ts-morph": {
      "version": "13.0.3",
      "resolved": "https://registry.npmjs.org/ts-morph/-/ts-morph-13.0.3.tgz",
      "integrity": "sha512-pSOfUMx8Ld/WUreoSzvMFQG5i9uEiWIsBYjpU9+TTASOeUa89j5HykomeqVULm1oqWtBdleI3KEFRLrlA3zGIw==",
      "dev": true,
      "requires": {
        "@ts-morph/common": "~0.12.3",
        "code-block-writer": "^11.0.0"
      }
    },
    "ts-pattern": {
      "version": "3.3.5",
      "resolved": "https://registry.npmjs.org/ts-pattern/-/ts-pattern-3.3.5.tgz",
      "integrity": "sha512-LD+wFR/RNckk1DrKV0LTH4KIT9wRqnnOjtEf77ovhKcVi8gf83Uf6U7OdywEua6KD9SbHadUdfolayfIUiPxzw==",
      "dev": true
    },
    "typescript": {
      "version": "5.0.4",
      "resolved": "https://registry.npmjs.org/typescript/-/typescript-5.0.4.tgz",
      "integrity": "sha512-cW9T5W9xY37cc+jfEnaUvX91foxtHkza3Nw3wkoF4sSlKn0MONdkdEndig/qPBWXNkmplh3NzayQzCiHM4/hqw=="
    },
    "webpack-node-externals": {
      "version": "3.0.0",
      "resolved": "https://registry.npmjs.org/webpack-node-externals/-/webpack-node-externals-3.0.0.tgz",
      "integrity": "sha512-LnL6Z3GGDPht/AigwRh2dvL9PQPFQ8skEpVrWZXLWBYmqcaojHNN0onvHzie6rq7EWKrrBfPYqNEzTJgiwEQDQ==",
      "dev": true
    },
    "yjs": {
      "version": "13.5.52",
      "resolved": "https://registry.npmjs.org/yjs/-/yjs-13.5.52.tgz",
      "integrity": "sha512-wTajR70VeI6uztpUk4kMcXYHSRzuUlNyJPdBG9NII0EcFf27DwGduZEm3XbP7VSzlGx5n6uenBhOPX+YuPH/tA==",
      "requires": {
        "lib0": "^0.2.72"
      }
    }
  }
}
